
Microsoft Visual Studio Solution File, Format Version 12.00
# Visual Studio Version 17
VisualStudioVersion = 17.3.32901.215
MinimumVisualStudioVersion = 10.0.40219.1
Project("{9A19103F-16F7-4668-BE54-9A1E7A4F7556}") = "PVASharePointSearch.API", "PVASharePointSearch.API\PVASharePointSearch.API.csproj", "{AE31C395-6898-4FBF-8457-62AE83FA0EC5}"
EndProject
Project("{2150E333-8FDC-42A3-9474-1A3956D46DE8}") = "Solution Items", "Solution Items", "{06C64062-93B1-404C-B28D-AFBA3EC7B823}"
	ProjectSection(SolutionItems) = preProject
		.gitignore = .gitignore
		Architecture.png = Architecture.png
		README.md = README.md
	EndProjectSection
EndProject
Project("{9A19103F-16F7-4668-BE54-9A1E7A4F7556}") = "PVASharePointSearch.Models", "PVASharePointSearch.Models\PVASharePointSearch.Models.csproj", "{2E4490C6-1BAF-4EEE-B34C-8A4E75388A12}"
EndProject
Project("{9A19103F-16F7-4668-BE54-9A1E7A4F7556}") = "PVASharePointSearch.Business", "PVASharePointSearch.Business\PVASharePointSearch.Business.csproj", "{BD29E851-BCF0-411A-AC40-7A600A63A867}"
EndProject
Project("{2150E333-8FDC-42A3-9474-1A3956D46DE8}") = "PowerApps", "PowerApps", "{9B37A15B-A187-475E-A9A1-B298BE663F55}"
EndProject
Project("{2150E333-8FDC-42A3-9474-1A3956D46DE8}") = "PowerShellScripts", "PowerShellScripts", "{F5FAE596-FFE3-4F84-9125-1A8CBF964C89}"
	ProjectSection(SolutionItems) = preProject
		Add_Site_AppCatalog.ps1 = Add_Site_AppCatalog.ps1
		PowerShell Scripts\Update_BotProperties.ps1 = PowerShell Scripts\Update_BotProperties.ps1
	EndProjectSection
EndProject
Global
	GlobalSection(SolutionConfigurationPlatforms) = preSolution
		Debug|Any CPU = Debug|Any CPU
		Release|Any CPU = Release|Any CPU
	EndGlobalSection
	GlobalSection(ProjectConfigurationPlatforms) = postSolution
		{AE31C395-6898-4FBF-8457-62AE83FA0EC5}.Debug|Any CPU.ActiveCfg = Debug|Any CPU
		{AE31C395-6898-4FBF-8457-62AE83FA0EC5}.Debug|Any CPU.Build.0 = Debug|Any CPU
		{AE31C395-6898-4FBF-8457-62AE83FA0EC5}.Release|Any CPU.ActiveCfg = Release|Any CPU
		{AE31C395-6898-4FBF-8457-62AE83FA0EC5}.Release|Any CPU.Build.0 = Release|Any CPU
		{2E4490C6-1BAF-4EEE-B34C-8A4E75388A12}.Debug|Any CPU.ActiveCfg = Debug|Any CPU
		{2E4490C6-1BAF-4EEE-B34C-8A4E75388A12}.Debug|Any CPU.Build.0 = Debug|Any CPU
		{2E4490C6-1BAF-4EEE-B34C-8A4E75388A12}.Release|Any CPU.ActiveCfg = Release|Any CPU
		{2E4490C6-1BAF-4EEE-B34C-8A4E75388A12}.Release|Any CPU.Build.0 = Release|Any CPU
		{BD29E851-BCF0-411A-AC40-7A600A63A867}.Debug|Any CPU.ActiveCfg = Debug|Any CPU
		{BD29E851-BCF0-411A-AC40-7A600A63A867}.Debug|Any CPU.Build.0 = Debug|Any CPU
		{BD29E851-BCF0-411A-AC40-7A600A63A867}.Release|Any CPU.ActiveCfg = Release|Any CPU
		{BD29E851-BCF0-411A-AC40-7A600A63A867}.Release|Any CPU.Build.0 = Release|Any CPU
	EndGlobalSection
	GlobalSection(SolutionProperties) = preSolution
		HideSolutionNode = FALSE
	EndGlobalSection
	GlobalSection(ExtensibilityGlobals) = postSolution
		SolutionGuid = {7AB0F4D4-AD20-4B75-A60B-5CA11E5DD7C9}
	EndGlobalSection
EndGlobal
