
Microsoft Visual Studio Solution File, Format Version 12.00
# Visual Studio Version 17
VisualStudioVersion = 17.3.32901.215
MinimumVisualStudioVersion = 10.0.40219.1
Project("{2150E333-8FDC-42A3-9474-1A3956D46DE8}") = "Solution Items", "Solution Items", "{06C64062-93B1-404C-B28D-AFBA3EC7B823}"
	ProjectSection(SolutionItems) = preProject
		.gitignore = .gitignore
		Architecture.png = Architecture.png
		README.md = README.md
	EndProjectSection
EndProject
Project("{2150E333-8FDC-42A3-9474-1A3956D46DE8}") = "PowerApps", "PowerApps", "{9B37A15B-A187-475E-A9A1-B298BE663F55}"
	ProjectSection(SolutionItems) = preProject
		PowerApps\PVASearchSharePoint_1_0_0_0.zip = PowerApps\PVASearchSharePoint_1_0_0_0.zip
	EndProjectSection
EndProject
Project("{2150E333-8FDC-42A3-9474-1A3956D46DE8}") = "PowerShell Scripts", "PowerShell Scripts", "{F5FAE596-FFE3-4F84-9125-1A8CBF964C89}"
	ProjectSection(SolutionItems) = preProject
		PowerShell Scripts\Add_Site_AppCatalog.ps1 = PowerShell Scripts\Add_Site_AppCatalog.ps1
		PowerShell Scripts\Update_BotProperties.ps1 = PowerShell Scripts\Update_BotProperties.ps1
	EndProjectSection
EndProject
Global
	GlobalSection(SolutionProperties) = preSolution
		HideSolutionNode = FALSE
	EndGlobalSection
	GlobalSection(ExtensibilityGlobals) = postSolution
		SolutionGuid = {7AB0F4D4-AD20-4B75-A60B-5CA11E5DD7C9}
	EndGlobalSection
EndGlobal
